Microsoft Visual Studio Solution File, Format Version 11.00
# Visual Studio 2008

Project("{DE55158E-7D07-F9EE-8559-3124F225B3C9}") = "Rendzu", "Assembly-CSharp.csproj", "{D778122D-FE6A-6E34-262A-07F6DF8C6A2B}"
EndProject
Global
	GlobalSection(SolutionConfigurationPlatforms) = preSolution
		Debug|Any CPU = Debug|Any CPU
		Release|Any CPU = Release|Any CPU
	EndGlobalSection
	GlobalSection(ProjectConfigurationPlatforms) = postSolution
		{D778122D-FE6A-6E34-262A-07F6DF8C6A2B}.Debug|Any CPU.ActiveCfg = Debug|Any CPU
		{D778122D-FE6A-6E34-262A-07F6DF8C6A2B}.Debug|Any CPU.Build.0 = Debug|Any CPU
		{D778122D-FE6A-6E34-262A-07F6DF8C6A2B}.Release|Any CPU.ActiveCfg = Release|Any CPU
		{D778122D-FE6A-6E34-262A-07F6DF8C6A2B}.Release|Any CPU.Build.0 = Release|Any CPU
	EndGlobalSection
	GlobalSection(SolutionProperties) = preSolution
		HideSolutionNode = FALSE
	EndGlobalSection
					GlobalSection(MonoDevelopProperties) = preSolution
		StartupItem = Assembly-CSharp.csproj
		Policies = $0
		$0.TextStylePolicy = $1
		$1.inheritsSet = null
		$1.scope = text/x-csharp
		$0.CSharpFormattingPolicy = $2
		$2.inheritsSet = Mono
		$2.inheritsScope = text/x-csharp
		$2.scope = text/x-csharp
		$0.TextStylePolicy = $3
		$3.FileWidth = 120
		$3.TabWidth = 4
		$3.IndentWidth = 4
		$3.EolMarker = Unix
		$3.inheritsSet = Mono
		$3.inheritsScope = text/plain
		$3.scope = text/plain
	EndGlobalSection

EndGlobal
